
Microsoft Visual Studio Solution File, Format Version 12.00
# Visual Studio Version 16
VisualStudioVersion = 16.0.29613.14
MinimumVisualStudioVersion = 10.0.40219.1
Project("{FAE04EC0-301F-11D3-BF4B-00C04F79EFBC}") = "PushNotificationsSample.Android", "PushNotificationsSample.Android\PushNotificationsSample.Android.csproj", "{7D256DF3-8784-4B3D-83F3-B87568E140CD}"
EndProject
Project("{FAE04EC0-301F-11D3-BF4B-00C04F79EFBC}") = "PushNotificationsSample.iOS", "PushNotificationsSample.iOS\PushNotificationsSample.iOS.csproj", "{A25D85AE-2989-403E-9809-FAF9D790B3D1}"
EndProject
Project("{9A19103F-16F7-4668-BE54-9A1E7A4F7556}") = "PushNotificationsSample", "PushNotificationsSample\PushNotificationsSample.csproj", "{65799778-2205-429D-8846-106E0052310E}"
EndProject
Global
	GlobalSection(SolutionConfigurationPlatforms) = preSolution
		Debug|Any CPU = Debug|Any CPU
		Debug|iPhone = Debug|iPhone
		Debug|iPhoneSimulator = Debug|iPhoneSimulator
		Release|Any CPU = Release|Any CPU
		Release|iPhone = Release|iPhone
		Release|iPhoneSimulator = Release|iPhoneSimulator
	EndGlobalSection
	GlobalSection(ProjectConfigurationPlatforms) = postSolution
		{7D256DF3-8784-4B3D-83F3-B87568E140CD}.Debug|Any CPU.ActiveCfg = Debug|Any CPU
		{7D256DF3-8784-4B3D-83F3-B87568E140CD}.Debug|Any CPU.Build.0 = Debug|Any CPU
		{7D256DF3-8784-4B3D-83F3-B87568E140CD}.Debug|Any CPU.Deploy.0 = Debug|Any CPU
		{7D256DF3-8784-4B3D-83F3-B87568E140CD}.Debug|iPhone.ActiveCfg = Debug|Any CPU
		{7D256DF3-8784-4B3D-83F3-B87568E140CD}.Debug|iPhone.Build.0 = Debug|Any CPU
		{7D256DF3-8784-4B3D-83F3-B87568E140CD}.Debug|iPhone.Deploy.0 = Debug|Any CPU
		{7D256DF3-8784-4B3D-83F3-B87568E140CD}.Debug|iPhoneSimulator.ActiveCfg = Debug|Any CPU
		{7D256DF3-8784-4B3D-83F3-B87568E140CD}.Debug|iPhoneSimulator.Build.0 = Debug|Any CPU
		{7D256DF3-8784-4B3D-83F3-B87568E140CD}.Debug|iPhoneSimulator.Deploy.0 = Debug|Any CPU
		{7D256DF3-8784-4B3D-83F3-B87568E140CD}.Release|Any CPU.ActiveCfg = Release|Any CPU
		{7D256DF3-8784-4B3D-83F3-B87568E140CD}.Release|Any CPU.Build.0 = Release|Any CPU
		{7D256DF3-8784-4B3D-83F3-B87568E140CD}.Release|Any CPU.Deploy.0 = Release|Any CPU
		{7D256DF3-8784-4B3D-83F3-B87568E140CD}.Release|iPhone.ActiveCfg = Release|Any CPU
		{7D256DF3-8784-4B3D-83F3-B87568E140CD}.Release|iPhone.Build.0 = Release|Any CPU
		{7D256DF3-8784-4B3D-83F3-B87568E140CD}.Release|iPhone.Deploy.0 = Release|Any CPU
		{7D256DF3-8784-4B3D-83F3-B87568E140CD}.Release|iPhoneSimulator.ActiveCfg = Release|Any CPU
		{7D256DF3-8784-4B3D-83F3-B87568E140CD}.Release|iPhoneSimulator.Build.0 = Release|Any CPU
		{7D256DF3-8784-4B3D-83F3-B87568E140CD}.Release|iPhoneSimulator.Deploy.0 = Release|Any CPU
		{A25D85AE-2989-403E-9809-FAF9D790B3D1}.Debug|Any CPU.ActiveCfg = Debug|iPhoneSimulator
		{A25D85AE-2989-403E-9809-FAF9D790B3D1}.Debug|Any CPU.Build.0 = Debug|iPhoneSimulator
		{A25D85AE-2989-403E-9809-FAF9D790B3D1}.Debug|Any CPU.Deploy.0 = Debug|iPhoneSimulator
		{A25D85AE-2989-403E-9809-FAF9D790B3D1}.Debug|iPhone.ActiveCfg = Debug|iPhone
		{A25D85AE-2989-403E-9809-FAF9D790B3D1}.Debug|iPhone.Build.0 = Debug|iPhone
		{A25D85AE-2989-403E-9809-FAF9D790B3D1}.Debug|iPhone.Deploy.0 = Debug|iPhone
		{A25D85AE-2989-403E-9809-FAF9D790B3D1}.Debug|iPhoneSimulator.ActiveCfg = Debug|iPhoneSimulator
		{A25D85AE-2989-403E-9809-FAF9D790B3D1}.Debug|iPhoneSimulator.Build.0 = Debug|iPhoneSimulator
		{A25D85AE-2989-403E-9809-FAF9D790B3D1}.Debug|iPhoneSimulator.Deploy.0 = Debug|iPhoneSimulator
		{A25D85AE-2989-403E-9809-FAF9D790B3D1}.Release|Any CPU.ActiveCfg = Release|iPhone
		{A25D85AE-2989-403E-9809-FAF9D790B3D1}.Release|Any CPU.Build.0 = Release|iPhone
		{A25D85AE-2989-403E-9809-FAF9D790B3D1}.Release|Any CPU.Deploy.0 = Release|iPhone
		{A25D85AE-2989-403E-9809-FAF9D790B3D1}.Release|iPhone.ActiveCfg = Release|iPhone
		{A25D85AE-2989-403E-9809-FAF9D790B3D1}.Release|iPhone.Build.0 = Release|iPhone
		{A25D85AE-2989-403E-9809-FAF9D790B3D1}.Release|iPhone.Deploy.0 = Release|iPhone
		{A25D85AE-2989-403E-9809-FAF9D790B3D1}.Release|iPhoneSimulator.ActiveCfg = Release|iPhoneSimulator
		{A25D85AE-2989-403E-9809-FAF9D790B3D1}.Release|iPhoneSimulator.Build.0 = Release|iPhoneSimulator
		{A25D85AE-2989-403E-9809-FAF9D790B3D1}.Release|iPhoneSimulator.Deploy.0 = Release|iPhoneSimulator
		{65799778-2205-429D-8846-106E0052310E}.Debug|Any CPU.ActiveCfg = Debug|Any CPU
		{65799778-2205-429D-8846-106E0052310E}.Debug|Any CPU.Build.0 = Debug|Any CPU
		{65799778-2205-429D-8846-106E0052310E}.Debug|Any CPU.Deploy.0 = Debug|Any CPU
		{65799778-2205-429D-8846-106E0052310E}.Debug|iPhone.ActiveCfg = Debug|Any CPU
		{65799778-2205-429D-8846-106E0052310E}.Debug|iPhone.Build.0 = Debug|Any CPU
		{65799778-2205-429D-8846-106E0052310E}.Debug|iPhone.Deploy.0 = Debug|Any CPU
		{65799778-2205-429D-8846-106E0052310E}.Debug|iPhoneSimulator.ActiveCfg = Debug|Any CPU
		{65799778-2205-429D-8846-106E0052310E}.Debug|iPhoneSimulator.Build.0 = Debug|Any CPU
		{65799778-2205-429D-8846-106E0052310E}.Debug|iPhoneSimulator.Deploy.0 = Debug|Any CPU
		{65799778-2205-429D-8846-106E0052310E}.Release|Any CPU.ActiveCfg = Release|Any CPU
		{65799778-2205-429D-8846-106E0052310E}.Release|Any CPU.Build.0 = Release|Any CPU
		{65799778-2205-429D-8846-106E0052310E}.Release|Any CPU.Deploy.0 = Release|Any CPU
		{65799778-2205-429D-8846-106E0052310E}.Release|iPhone.ActiveCfg = Release|Any CPU
		{65799778-2205-429D-8846-106E0052310E}.Release|iPhone.Build.0 = Release|Any CPU
		{65799778-2205-429D-8846-106E0052310E}.Release|iPhone.Deploy.0 = Release|Any CPU
		{65799778-2205-429D-8846-106E0052310E}.Release|iPhoneSimulator.ActiveCfg = Release|Any CPU
		{65799778-2205-429D-8846-106E0052310E}.Release|iPhoneSimulator.Build.0 = Release|Any CPU
		{65799778-2205-429D-8846-106E0052310E}.Release|iPhoneSimulator.Deploy.0 = Release|Any CPU
	EndGlobalSection
	GlobalSection(SolutionProperties) = preSolution
		HideSolutionNode = FALSE
	EndGlobalSection
	GlobalSection(ExtensibilityGlobals) = postSolution
		SolutionGuid = {1D1A417B-9753-46BE-84E7-1D3949D5E18C}
	EndGlobalSection
	GlobalSection(TeamFoundationVersionControl) = preSolution
		SccNumberOfProjects = 4
		SccEnterpriseProvider = {4CA58AB2-18FA-4F8D-95D4-32DDF27D184C}
		SccTeamFoundationServer = https://nrscu-vm-devtfs.core.local/defaultcollection
		SccLocalPath0 = .
		SccProjectUniqueName1 = PushNotificationsSample.Android\\PushNotificationsSample.Android.csproj
		SccProjectName1 = PushNotificationsSample.Android
		SccLocalPath1 = PushNotificationsSample.Android
		SccProjectUniqueName2 = PushNotificationsSample.iOS\\PushNotificationsSample.iOS.csproj
		SccProjectName2 = PushNotificationsSample.iOS
		SccLocalPath2 = PushNotificationsSample.iOS
		SccProjectUniqueName3 = PushNotificationsSample\\PushNotificationsSample.csproj
		SccProjectName3 = PushNotificationsSample
		SccLocalPath3 = PushNotificationsSample
	EndGlobalSection
EndGlobal
